{
  "lockfile_version": "1",
  "packages": {
    "apple-sdk@latest": {
      "last_modified": "2026-08-27T07:16:00Z",
      "resolved": "github:NixOS/nixpkgs/c27cdad491a991b11ed731760aa2ef8db0cb0410#apple-sdk",
      "source": "devbox-search",
      "version": "14.4",
      "systems": {
        "aarch64-darwin": {
          "outputs": [
            {
              "name": "out",
              "path": "/nix/store/52kwxj456mb1ygjn9nkgm93a17si3ks4-apple-sdk-14.4",
              "default": true
            }
          ],
          "store_path": "/nix/store/52kwxj456mb1ygjn9nkgm93a17si3ks4-apple-sdk-14.4"
        },
        "x86_64-darwin": {
          "outputs": [
            {
              "name": "out",
              "path": "/nix/store/xhvbk0fbbns6zmfcmcnvfgi0xwjy5l1q-apple-sdk-14.4",
              "default": true
            }
          ],
          "store_path": "/nix/store/xhvbk0fbbns6zmfcmcnvfgi0xwjy5l1q-apple-sdk-14.4"
        }
      }
    },
    "github:NixOS/nixpkgs/nixpkgs-unstable": {
      "last_modified": "2025-11-08T12:28:21Z",
      "resolved": "github:NixOS/nixpkgs/f6b44b2401525650256b977063dbcf830f762369?lastModified=1762604901&narHash=sha256-Pr2jpryIaQr9Yx8p6QssS03wqB6UifnnLr3HJw9veDw%3D"
    },
    "go-mockery@latest": {
      "last_modified": "2025-10-22T20:59:19Z",
      "resolved": "github:NixOS/nixpkgs/01b6809f7f9d1183a2b3e081f0a1e6f8f415cb09#go-mockery",
      "source": "devbox-search",
      "version": "3.5.5",
      "systems": {
        "aarch64-darwin": {
          "outputs": [
            {
              "name": "out",
              "path": "/nix/store/qzzbjxgk4ai311ibriyyj91bn5z75520-go-mockery-3.5.5",
              "default": true
            }
          ],
          "store_path": "/nix/store/qzzbjxgk4ai311ibriyyj91bn5z75520-go-mockery-3.5.5"
        },
        "aarch64-linux": {
          "outputs": [
            {
              "name": "out",
              "path": "/nix/store/3vg4ak5zdpdm46ny0q8x0f1275358n14-go-mockery-3.5.5",
              "default": true
            }
          ],
          "store_path": "/nix/store/3vg4ak5zdpdm46ny0q8x0f1275358n14-go-mockery-3.5.5"
        },
        "x86_64-darwin": {
          "outputs": [
            {
              "name": "out",
              "path": "/nix/store/jvvan3ans4x2w1vkj46mnwma0y24i2xz-go-mockery-3.5.5",
              "default": true
            }
          ],
          "store_path": "/nix/store/jvvan3ans4x2w1vkj46mnwma0y24i2xz-go-mockery-3.5.5"
        },
        "x86_64-linux": {
          "outputs": [
            {
              "name": "out",
              "path": "/nix/store/r9s8r5h3g448bp2qi20ym2h0plxgixbn-go-mockery-3.5.5",
              "default": true
            }
          ],
          "store_path": "/nix/store/r9s8r5h3g448bp2qi20ym2h0plxgixbn-go-mockery-3.5.5"
        }
      }
    },
    "go@latest": {
      "last_modified": "2026-01-23T17:20:52Z",
      "resolved": "github:NixOS/nixpkgs/a1bab9e494f5f4939442a57a58d0449a109593fe#go",
      "source": "devbox-search",
      "version": "1.25.5",
      "systems": {
        "aarch64-darwin": {
          "outputs": [
            {
              "name": "out",
              "path": "/nix/store/wh88zz6r1ihcp2mm7ys1f2anp8aga6n2-go-1.25.5",
              "default": true
            }
          ],
          "store_path": "/nix/store/wh88zz6r1ihcp2mm7ys1f2anp8aga6n2-go-1.25.5"
        },
        "aarch64-linux": {
          "outputs": [
            {
              "name": "out",
              "path": "/nix/store/k3knzdi0v21bf2m7vcxpdy1jnqg1h0zk-go-1.25.5",
              "default": true
            }
          ],
          "store_path": "/nix/store/k3knzdi0v21bf2m7vcxpdy1jnqg1h0zk-go-1.25.5"
        },
        "x86_64-darwin": {
          "outputs": [
            {
              "name": "out",
              "path": "/nix/store/bwdahzajhqd5x14dbvkqww5f1wpsxif3-go-1.25.5",
              "default": true
            }
          ],
          "store_path": "/nix/store/bwdahzajhqd5x14dbvkqww5f1wpsxif3-go-1.25.5"
        },
        "x86_64-linux": {
          "outputs": [
            {
              "name": "out",
              "path": "/nix/store/zzvsjgylnphvhms3lgr2qlwdxmc68z66-go-1.25.5",
              "default": true
            }
          ],
          "store_path": "/nix/store/zzvsjgylnphvhms3lgr2qlwdxmc68z66-go-1.25.5"
        }
      }
    },
    "golangci-lint@latest": {
      "last_modified": "2026-05-21T08:15:18Z",
      "resolved": "github:NixOS/nixpkgs/4a29d733e8a7d5b824c3d8c958a946a9867b3eb2#golangci-lint",
      "source": "devbox-search",
      "version": "2.12.2",
      "systems": {
        "aarch64-darwin": {
          "outputs": [
            {
              "name": "out",
              "path": "/nix/store/paiggn2x6idsnhzn6ss6sdn87lvqadlf-golangci-lint-2.12.2",
              "default": true
            }
          ],
          "store_path": "/nix/store/paiggn2x6idsnhzn6ss6sdn87lvqadlf-golangci-lint-2.12.2"
        },
        "aarch64-linux": {
          "outputs": [
            {
              "name": "out",
              "path": "/nix/store/mxcfgfnl675mlqnm7v3zliq0y1wisw7i-golangci-lint-2.12.2",
              "default": true
            }
          ],
          "store_path": "/nix/store/mxcfgfnl675mlqnm7v3zliq0y1wisw7i-golangci-lint-2.12.2"
        },
        "x86_64-darwin": {
          "outputs": [
            {
              "name": "out",
              "path": "/nix/store/80gb4fz1fs06h9y8c7xb80yfz0zd3qaa-golangci-lint-2.12.2",
              "default": true
            }
          ],
          "store_path": "/nix/store/80gb4fz1fs06h9y8c7xb80yfz0zd3qaa-golangci-lint-2.12.2"
        },
        "x86_64-linux": {
          "outputs": [
            {
              "name": "out",
              "path": "/nix/store/x3ism4ihdsansi2y1ldhs78244pxv22w-golangci-lint-2.12.2",
              "default": true
            }
          ],
          "store_path": "/nix/store/x3ism4ihdsansi2y1ldhs78244pxv22w-golangci-lint-2.12.2"
        }
      }
    },
    "mage@latest": {
      "last_modified": "2026-05-21T08:15:18Z",
      "resolved": "github:NixOS/nixpkgs/4a29d733e8a7d5b824c3d8c958a946a9867b3eb2#mage",
      "source": "devbox-search",
      "version": "1.17.2",
      "systems": {
        "aarch64-darwin": {
          "outputs": [
            {
              "name": "out",
              "path": "/nix/store/fhg0sm06ppaircwxdkrnd6i4x6svw6wp-mage-1.17.2",
              "default": true
            }
          ],
          "store_path": "/nix/store/fhg0sm06ppaircwxdkrnd6i4x6svw6wp-mage-1.17.2"
        },
        "aarch64-linux": {
          "outputs": [
            {
              "name": "out",
              "path": "/nix/store/sd08597q7n4f8canijqq3mwl1njbhzn6-mage-1.17.2",
              "default": true
            }
          ],
          "store_path": "/nix/store/sd08597q7n4f8canijqq3mwl1njbhzn6-mage-1.17.2"
        },
        "x86_64-darwin": {
          "outputs": [
            {
              "name": "out",
              "path": "/nix/store/f9lnczh1xvxlc5wifc4dcv74pkdxz7lm-mage-1.17.2",
              "default": true
            }
          ],
          "store_path": "/nix/store/f9lnczh1xvxlc5wifc4dcv74pkdxz7lm-mage-1.17.2"
        },
        "x86_64-linux": {
          "outputs": [
            {
              "name": "out",
              "path": "/nix/store/rq1v0di7rxib67kp1nrg2ihzcjj4fw0q-mage-1.17.2",
              "default": true
            }
          ],
          "store_path": "/nix/store/rq1v0di7rxib67kp1nrg2ihzcjj4fw0q-mage-1.17.2"
        }
      }
    }
  }
}
